
Microsoft Visual Studio Solution File, Format Version 12.00
# Visual Studio Version 16
VisualStudioVersion = 16.0.31515.178
MinimumVisualStudioVersion = 10.0.40219.1
Project("{9A19103F-16F7-4668-BE54-9A1E7A4F7556}") = "Business", "Business\Business.csproj", "{1A4D605E-3333-4FE3-A8A6-CC40CB4BD6A2}"
EndProject
Project("{9A19103F-16F7-4668-BE54-9A1E7A4F7556}") = "DataAccess", "DataAccess\DataAccess.csproj", "{826268D5-E377-43F0-B9C1-B8C50E01A275}"
EndProject
Project("{9A19103F-16F7-4668-BE54-9A1E7A4F7556}") = "Entities", "Entities\Entities.csproj", "{7803BA26-6D6F-426A-9C2A-E50581A5C92E}"
EndProject
Project("{9A19103F-16F7-4668-BE54-9A1E7A4F7556}") = "ConsoleUI", "ConsoleUI\ConsoleUI.csproj", "{1A8A28BB-C1ED-4086-93FE-8B5894A1657A}"
EndProject
Project("{9A19103F-16F7-4668-BE54-9A1E7A4F7556}") = "Core", "Core\Core.csproj", "{2F6F3463-EEE0-465F-ABF3-5EE2AA3A7054}"
EndProject
Project("{FAE04EC0-301F-11D3-BF4B-00C04F79EFBC}") = "WebAPI", "WebAPI\WebAPI.csproj", "{A1252853-9696-43EE-8317-3B76E3ECDAAE}"
EndProject
Global
	GlobalSection(SolutionConfigurationPlatforms) = preSolution
		Debug|Any CPU = Debug|Any CPU
		Release|Any CPU = Release|Any CPU
	EndGlobalSection
	GlobalSection(ProjectConfigurationPlatforms) = postSolution
		{1A4D605E-3333-4FE3-A8A6-CC40CB4BD6A2}.Debug|Any CPU.ActiveCfg = Debug|Any CPU
		{1A4D605E-3333-4FE3-A8A6-CC40CB4BD6A2}.Debug|Any CPU.Build.0 = Debug|Any CPU
		{1A4D605E-3333-4FE3-A8A6-CC40CB4BD6A2}.Release|Any CPU.ActiveCfg = Release|Any CPU
		{1A4D605E-3333-4FE3-A8A6-CC40CB4BD6A2}.Release|Any CPU.Build.0 = Release|Any CPU
		{826268D5-E377-43F0-B9C1-B8C50E01A275}.Debug|Any CPU.ActiveCfg = Debug|Any CPU
		{826268D5-E377-43F0-B9C1-B8C50E01A275}.Debug|Any CPU.Build.0 = Debug|Any CPU
		{826268D5-E377-43F0-B9C1-B8C50E01A275}.Release|Any CPU.ActiveCfg = Release|Any CPU
		{826268D5-E377-43F0-B9C1-B8C50E01A275}.Release|Any CPU.Build.0 = Release|Any CPU
		{7803BA26-6D6F-426A-9C2A-E50581A5C92E}.Debug|Any CPU.ActiveCfg = Debug|Any CPU
		{7803BA26-6D6F-426A-9C2A-E50581A5C92E}.Debug|Any CPU.Build.0 = Debug|Any CPU
		{7803BA26-6D6F-426A-9C2A-E50581A5C92E}.Release|Any CPU.ActiveCfg = Release|Any CPU
		{7803BA26-6D6F-426A-9C2A-E50581A5C92E}.Release|Any CPU.Build.0 = Release|Any CPU
		{1A8A28BB-C1ED-4086-93FE-8B5894A1657A}.Debug|Any CPU.ActiveCfg = Debug|Any CPU
		{1A8A28BB-C1ED-4086-93FE-8B5894A1657A}.Debug|Any CPU.Build.0 = Debug|Any CPU
		{1A8A28BB-C1ED-4086-93FE-8B5894A1657A}.Release|Any CPU.ActiveCfg = Release|Any CPU
		{1A8A28BB-C1ED-4086-93FE-8B5894A1657A}.Release|Any CPU.Build.0 = Release|Any CPU
		{2F6F3463-EEE0-465F-ABF3-5EE2AA3A7054}.Debug|Any CPU.ActiveCfg = Debug|Any CPU
		{2F6F3463-EEE0-465F-ABF3-5EE2AA3A7054}.Debug|Any CPU.Build.0 = Debug|Any CPU
		{2F6F3463-EEE0-465F-ABF3-5EE2AA3A7054}.Release|Any CPU.ActiveCfg = Release|Any CPU
		{2F6F3463-EEE0-465F-ABF3-5EE2AA3A7054}.Release|Any CPU.Build.0 = Release|Any CPU
		{A1252853-9696-43EE-8317-3B76E3ECDAAE}.Debug|Any CPU.ActiveCfg = Debug|Any CPU
		{A1252853-9696-43EE-8317-3B76E3ECDAAE}.Debug|Any CPU.Build.0 = Debug|Any CPU
		{A1252853-9696-43EE-8317-3B76E3ECDAAE}.Release|Any CPU.ActiveCfg = Release|Any CPU
		{A1252853-9696-43EE-8317-3B76E3ECDAAE}.Release|Any CPU.Build.0 = Release|Any CPU
	EndGlobalSection
	GlobalSection(SolutionProperties) = preSolution
		HideSolutionNode = FALSE
	EndGlobalSection
	GlobalSection(ExtensibilityGlobals) = postSolution
		SolutionGuid = {86E1AE48-E1B7-42F9-8E2D-06431960B699}
	EndGlobalSection
EndGlobal
